// !$*UTF8*$!
{
	archiveVersion = 1;
	classes = {
	};
	objectVersion = 46;
	objects = {

/* Begin PBXBuildFile section */
		904B1AC6AEA23E4C3AD70598 /* Pods.framework in Frameworks */ = {isa = PBXBuildFile; fileRef = 575B137DE54A2C88C9805997 /* Pods.framework */; settings = {ATTRIBUTES = (Weak, ); }; };
		DF0BAC071BB8CEB2008A8952 /* AppDelegate.swift in Sources */ = {isa = PBXBuildFile; fileRef = DF0BAC061BB8CEB2008A8952 /* AppDelegate.swift */; };
		DF0BAC091BB8CEB2008A8952 /* HotFocusViewController.swift in Sources */ = {isa = PBXBuildFile; fileRef = DF0BAC081BB8CEB2008A8952 /* HotFocusViewController.swift */; };
		DF0BAC0B1BB8CEB2008A8952 /* CardAndCouponsViewController.swift in Sources */ = {isa = PBXBuildFile; fileRef = DF0BAC0A1BB8CEB2008A8952 /* CardAndCouponsViewController.swift */; };
		DF0BAC0E1BB8CEB2008A8952 /* Main.storyboard in Resources */ = {isa = PBXBuildFile; fileRef = DF0BAC0C1BB8CEB2008A8952 /* Main.storyboard */; };
		DF0BAC101BB8CEB2008A8952 /* Assets.xcassets in Resources */ = {isa = PBXBuildFile; fileRef = DF0BAC0F1BB8CEB2008A8952 /* Assets.xcassets */; };
		DF0BAC131BB8CEB2008A8952 /* LaunchScreen.storyboard in Resources */ = {isa = PBXBuildFile; fileRef = DF0BAC111BB8CEB2008A8952 /* LaunchScreen.storyboard */; };
		DF0BAC1E1BB8CEB2008A8952 /* swiftShrbTests.swift in Sources */ = {isa = PBXBuildFile; fileRef = DF0BAC1D1BB8CEB2008A8952 /* swiftShrbTests.swift */; };
		DF0BAC291BB8CEB2008A8952 /* swiftShrbUITests.swift in Sources */ = {isa = PBXBuildFile; fileRef = DF0BAC281BB8CEB2008A8952 /* swiftShrbUITests.swift */; };
		DF0BAC391BB8DAC7008A8952 /* Config.swift in Sources */ = {isa = PBXBuildFile; fileRef = DF0BAC381BB8DAC7008A8952 /* Config.swift */; settings = {ASSET_TAGS = (); }; };
		DF4FFD181BC8A36B00824999 /* ProductViewController.swift in Sources */ = {isa = PBXBuildFile; fileRef = DF4FFD171BC8A36B00824999 /* ProductViewController.swift */; settings = {ASSET_TAGS = (); }; };
		DF4FFD1A1BC8A38500824999 /* ProductIsMemberViewController.swift in Sources */ = {isa = PBXBuildFile; fileRef = DF4FFD191BC8A38500824999 /* ProductIsMemberViewController.swift */; settings = {ASSET_TAGS = (); }; };
		DF850ADF1BBA61DC0055DCA7 /* MerchModel.swift in Sources */ = {isa = PBXBuildFile; fileRef = DF850ADE1BBA61DC0055DCA7 /* MerchModel.swift */; settings = {ASSET_TAGS = (); }; };
		DF850AE11BBA8E1D0055DCA7 /* UserCenterViewController.swift in Sources */ = {isa = PBXBuildFile; fileRef = DF850AE01BBA8E1C0055DCA7 /* UserCenterViewController.swift */; settings = {ASSET_TAGS = (); }; };
		DFC9608C1BCB44D900A28DC7 /* SVProgressShow.m in Sources */ = {isa = PBXBuildFile; fileRef = DFC9608B1BCB44D900A28DC7 /* SVProgressShow.m */; settings = {ASSET_TAGS = (); }; };
		DFD7774A1BBA3608008F4F34 /* HotFocusTableViewCell.swift in Sources */ = {isa = PBXBuildFile; fileRef = DFD777481BBA3608008F4F34 /* HotFocusTableViewCell.swift */; settings = {ASSET_TAGS = (); }; };
		DFD7774B1BBA3608008F4F34 /* HotFocusTableViewCell.xib in Resources */ = {isa = PBXBuildFile; fileRef = DFD777491BBA3608008F4F34 /* HotFocusTableViewCell.xib */; settings = {ASSET_TAGS = (); }; };
		DFE530BE1BC79050002CCAA0 /* ProductListModel.swift in Sources */ = {isa = PBXBuildFile; fileRef = DFE530BD1BC79050002CCAA0 /* ProductListModel.swift */; settings = {ASSET_TAGS = (); }; };
		DFF5EEE71BC5FF6B00B3E480 /* UserCenterHeadPortraitTableViewCell.swift in Sources */ = {isa = PBXBuildFile; fileRef = DFF5EEE51BC5FF6B00B3E480 /* UserCenterHeadPortraitTableViewCell.swift */; settings = {ASSET_TAGS = (); }; };
		DFF5EEE81BC5FF6B00B3E480 /* UserCenterHeadPortraitTableViewCell.xib in Resources */ = {isa = PBXBuildFile; fileRef = DFF5EEE61BC5FF6B00B3E480 /* UserCenterHeadPortraitTableViewCell.xib */; settings = {ASSET_TAGS = (); }; };
		DFF5EEEB1BC615D700B3E480 /* RequestDataTool.swift in Sources */ = {isa = PBXBuildFile; fileRef = DFF5EEEA1BC615D700B3E480 /* RequestDataTool.swift */; settings = {ASSET_TAGS = (); }; };
		DFF5EEED1BC6332A00B3E480 /* TBUser.swift in Sources */ = {isa = PBXBuildFile; fileRef = DFF5EEEC1BC6332A00B3E480 /* TBUser.swift */; settings = {ASSET_TAGS = (); }; };
		DFF5EEEF1BC65A6D00B3E480 /* SupermarketCollectController.swift in Sources */ = {isa = PBXBuildFile; fileRef = DFF5EEEE1BC65A6D00B3E480 /* SupermarketCollectController.swift */; settings = {ASSET_TAGS = (); }; };
		DFF5EEF21BC65AF400B3E480 /* SupermarketCollectionViewCell.swift in Sources */ = {isa = PBXBuildFile; fileRef = DFF5EEF01BC65AF400B3E480 /* SupermarketCollectionViewCell.swift */; settings = {ASSET_TAGS = (); }; };
		DFF5EEF31BC65AF400B3E480 /* SupermarketCollectionViewCell.xib in Resources */ = {isa = PBXBuildFile; fileRef = DFF5EEF11BC65AF400B3E480 /* SupermarketCollectionViewCell.xib */; settings = {ASSET_TAGS = (); }; };
		DFF5EEF61BC6624200B3E480 /* CollectionViewWaterfallLayout.swift in Sources */ = {isa = PBXBuildFile; fileRef = DFF5EEF51BC6624200B3E480 /* CollectionViewWaterfallLayout.swift */; settings = {ASSET_TAGS = (); }; };
/* End PBXBuildFile section */

/* Begin PBXContainerItemProxy section */
		DF0BAC1A1BB8CEB2008A8952 /* PBXContainerItemProxy */ = {
			isa = PBXContainerItemProxy;
			containerPortal = DF0BABFB1BB8CEB2008A8952 /* Project object */;
			proxyType = 1;
			remoteGlobalIDString = DF0BAC021BB8CEB2008A8952;
			remoteInfo = swiftShrb;
		};
		DF0BAC251BB8CEB2008A8952 /* PBXContainerItemProxy */ = {
			isa = PBXContainerItemProxy;
			containerPortal = DF0BABFB1BB8CEB2008A8952 /* Project object */;
			proxyType = 1;
			remoteGlobalIDString = DF0BAC021BB8CEB2008A8952;
			remoteInfo = swiftShrb;
		};
/* End PBXContainerItemProxy section */

/* Begin PBXFileReference section */
		22D9781B29B7D178FE330792 /* Pods.debug.xcconfig */ = {isa = PBXFileReference; includeInIndex = 1; lastKnownFileType = text.xcconfig; name = Pods.debug.xcconfig; path = "Pods/Target Support Files/Pods/Pods.debug.xcconfig"; sourceTree = "<group>"; };
		575B137DE54A2C88C9805997 /* Pods.framework */ = {isa = PBXFileReference; explicitFileType = wrapper.framework; includeInIndex = 0; path = Pods.framework; sourceTree = BUILT_PRODUCTS_DIR; };
		D2E2C85F28977BDC1E079A1B /* Pods.release.xcconfig */ = {isa = PBXFileReference; includeInIndex = 1; lastKnownFileType = text.xcconfig; name = Pods.release.xcconfig; path = "Pods/Target Support Files/Pods/Pods.release.xcconfig"; sourceTree = "<group>"; };
		DF0BAC031BB8CEB2008A8952 /* swiftShrb.app */ = {isa = PBXFileReference; explicitFileType = wrapper.application; includeInIndex = 0; path = swiftShrb.app; sourceTree = BUILT_PRODUCTS_DIR; };
		DF0BAC061BB8CEB2008A8952 /* AppDelegate.swift */ = {isa = PBXFileReference; lastKnownFileType = sourcecode.swift; path = AppDelegate.swift; sourceTree = "<group>"; };
		DF0BAC081BB8CEB2008A8952 /* HotFocusViewController.swift */ = {isa = PBXFileReference; lastKnownFileType = sourcecode.swift; path = HotFocusViewController.swift; sourceTree = "<group>"; };
		DF0BAC0A1BB8CEB2008A8952 /* CardAndCouponsViewController.swift */ = {isa = PBXFileReference; lastKnownFileType = sourcecode.swift; path = CardAndCouponsViewController.swift; sourceTree = "<group>"; };
		DF0BAC0D1BB8CEB2008A8952 /* Base */ = {isa = PBXFileReference; lastKnownFileType = file.storyboard; name = Base; path = Base.lproj/Main.storyboard; sourceTree = "<group>"; };
		DF0BAC0F1BB8CEB2008A8952 /* Assets.xcassets */ = {isa = PBXFileReference; lastKnownFileType = folder.assetcatalog; path = Assets.xcassets; sourceTree = "<group>"; };
		DF0BAC121BB8CEB2008A8952 /* Base */ = {isa = PBXFileReference; lastKnownFileType = file.storyboard; name = Base; path = Base.lproj/LaunchScreen.storyboard; sourceTree = "<group>"; };
		DF0BAC141BB8CEB2008A8952 /* Info.plist */ = {isa = PBXFileReference; lastKnownFileType = text.plist.xml; path = Info.plist; sourceTree = "<group>"; };
		DF0BAC191BB8CEB2008A8952 /* swiftShrbTests.xctest */ = {isa = PBXFileReference; explicitFileType = wrapper.cfbundle; includeInIndex = 0; path = swiftShrbTests.xctest; sourceTree = BUILT_PRODUCTS_DIR; };
		DF0BAC1D1BB8CEB2008A8952 /* swiftShrbTests.swift */ = {isa = PBXFileReference; lastKnownFileType = sourcecode.swift; path = swiftShrbTests.swift; sourceTree = "<group>"; };
		DF0BAC1F1BB8CEB2008A8952 /* Info.plist */ = {isa = PBXFileReference; lastKnownFileType = text.plist.xml; path = Info.plist; sourceTree = "<group>"; };
		DF0BAC241BB8CEB2008A8952 /* swiftShrbUITests.xctest */ = {isa = PBXFileReference; explicitFileType = wrapper.cfbundle; includeInIndex = 0; path = swiftShrbUITests.xctest; sourceTree = BUILT_PRODUCTS_DIR; };
		DF0BAC281BB8CEB2008A8952 /* swiftShrbUITests.swift */ = {isa = PBXFileReference; lastKnownFileType = sourcecode.swift; path = swiftShrbUITests.swift; sourceTree = "<group>"; };
		DF0BAC2A1BB8CEB2008A8952 /* Info.plist */ = {isa = PBXFileReference; lastKnownFileType = text.plist.xml; path = Info.plist; sourceTree = "<group>"; };
		DF0BAC381BB8DAC7008A8952 /* Config.swift */ = {isa = PBXFileReference; fileEncoding = 4; lastKnownFileType = sourcecode.swift; path = Config.swift; sourceTree = "<group>"; };
		DF4FFD171BC8A36B00824999 /* ProductViewController.swift */ = {isa = PBXFileReference; fileEncoding = 4; lastKnownFileType = sourcecode.swift; path = ProductViewController.swift; sourceTree = "<group>"; };
		DF4FFD191BC8A38500824999 /* ProductIsMemberViewController.swift */ = {isa = PBXFileReference; fileEncoding = 4; lastKnownFileType = sourcecode.swift; path = ProductIsMemberViewController.swift; sourceTree = "<group>"; };
		DF850ADE1BBA61DC0055DCA7 /* MerchModel.swift */ = {isa = PBXFileReference; fileEncoding = 4; lastKnownFileType = sourcecode.swift; path = MerchModel.swift; sourceTree = "<group>"; };
		DF850AE01BBA8E1C0055DCA7 /* UserCenterViewController.swift */ = {isa = PBXFileReference; fileEncoding = 4; lastKnownFileType = sourcecode.swift; path = UserCenterViewController.swift; sourceTree = "<group>"; };
		DFC960891BCB44D800A28DC7 /* swiftShrb-Bridging-Header.h */ = {isa = PBXFileReference; lastKnownFileType = sourcecode.c.h; path = "swiftShrb-Bridging-Header.h"; sourceTree = "<group>"; };
		DFC9608A1BCB44D900A28DC7 /* SVProgressShow.h */ = {isa = PBXFileReference; fileEncoding = 4; lastKnownFileType = sourcecode.c.h; path = SVProgressShow.h; sourceTree = "<group>"; };
		DFC9608B1BCB44D900A28DC7 /* SVProgressShow.m */ = {isa = PBXFileReference; fileEncoding = 4; lastKnownFileType = sourcecode.c.objc; path = SVProgressShow.m; sourceTree = "<group>"; };
		DFD777481BBA3608008F4F34 /* HotFocusTableViewCell.swift */ = {isa = PBXFileReference; fileEncoding = 4; lastKnownFileType = sourcecode.swift; path = HotFocusTableViewCell.swift; sourceTree = "<group>"; };
		DFD777491BBA3608008F4F34 /* HotFocusTableViewCell.xib */ = {isa = PBXFileReference; fileEncoding = 4; lastKnownFileType = file.xib; path = HotFocusTableViewCell.xib; sourceTree = "<group>"; };
		DFE530BD1BC79050002CCAA0 /* ProductListModel.swift */ = {isa = PBXFileReference; fileEncoding = 4; lastKnownFileType = sourcecode.swift; path = ProductListModel.swift; sourceTree = "<group>"; };
		DFF5EEE51BC5FF6B00B3E480 /* UserCenterHeadPortraitTableViewCell.swift */ = {isa = PBXFileReference; fileEncoding = 4; lastKnownFileType = sourcecode.swift; path = UserCenterHeadPortraitTableViewCell.swift; sourceTree = "<group>"; };
		DFF5EEE61BC5FF6B00B3E480 /* UserCenterHeadPortraitTableViewCell.xib */ = {isa = PBXFileReference; fileEncoding = 4; lastKnownFileType = file.xib; path = UserCenterHeadPortraitTableViewCell.xib; sourceTree = "<group>"; };
		DFF5EEEA1BC615D700B3E480 /* RequestDataTool.swift */ = {isa = PBXFileReference; fileEncoding = 4; lastKnownFileType = sourcecode.swift; path = RequestDataTool.swift; sourceTree = "<group>"; };
		DFF5EEEC1BC6332A00B3E480 /* TBUser.swift */ = {isa = PBXFileReference; fileEncoding = 4; lastKnownFileType = sourcecode.swift; path = TBUser.swift; sourceTree = "<group>"; };
		DFF5EEEE1BC65A6D00B3E480 /* SupermarketCollectController.swift */ = {isa = PBXFileReference; fileEncoding = 4; lastKnownFileType = sourcecode.swift; path = SupermarketCollectController.swift; sourceTree = "<group>"; };
		DFF5EEF01BC65AF400B3E480 /* SupermarketCollectionViewCell.swift */ = {isa = PBXFileReference; fileEncoding = 4; lastKnownFileType = sourcecode.swift; path = SupermarketCollectionViewCell.swift; sourceTree = "<group>"; };
		DFF5EEF11BC65AF400B3E480 /* SupermarketCollectionViewCell.xib */ = {isa = PBXFileReference; fileEncoding = 4; lastKnownFileType = file.xib; path = SupermarketCollectionViewCell.xib; sourceTree = "<group>"; };
		DFF5EEF51BC6624200B3E480 /* CollectionViewWaterfallLayout.swift */ = {isa = PBXFileReference; fileEncoding = 4; lastKnownFileType = sourcecode.swift; path = CollectionViewWaterfallLayout.swift; sourceTree = "<group>"; };
/* End PBXFileReference section */

/* Begin PBXFrameworksBuildPhase section */
		DF0BAC001BB8CEB2008A8952 /* Frameworks */ = {
			isa = PBXFrameworksBuildPhase;
			buildActionMask = 2147483647;
			files = (
				904B1AC6AEA23E4C3AD70598 /* Pods.framework in Frameworks */,
			);
			runOnlyForDeploymentPostprocessing = 0;
		};
		DF0BAC161BB8CEB2008A8952 /* Frameworks */ = {
			isa = PBXFrameworksBuildPhase;
			buildActionMask = 2147483647;
			files = (
			);
			runOnlyForDeploymentPostprocessing = 0;
		};
		DF0BAC211BB8CEB2008A8952 /* Frameworks */ = {
			isa = PBXFrameworksBuildPhase;
			buildActionMask = 2147483647;
			files = (
			);
			runOnlyForDeploymentPostprocessing = 0;
		};
/* End PBXFrameworksBuildPhase section */

/* Begin PBXGroup section */
		199853A4D3530B924783AF88 /* Pods */ = {
			isa = PBXGroup;
			children = (
				22D9781B29B7D178FE330792 /* Pods.debug.xcconfig */,
				D2E2C85F28977BDC1E079A1B /* Pods.release.xcconfig */,
			);
			name = Pods;
			sourceTree = "<group>";
		};
		41DAC355FC7E3990DC22E670 /* Frameworks */ = {
			isa = PBXGroup;
			children = (
				575B137DE54A2C88C9805997 /* Pods.framework */,
			);
			name = Frameworks;
			sourceTree = "<group>";
		};
		DF0BABFA1BB8CEB2008A8952 = {
			isa = PBXGroup;
			children = (
				DF0BAC051BB8CEB2008A8952 /* swiftShrb */,
				DF0BAC1C1BB8CEB2008A8952 /* swiftShrbTests */,
				DF0BAC271BB8CEB2008A8952 /* swiftShrbUITests */,
				DF0BAC041BB8CEB2008A8952 /* Products */,
				199853A4D3530B924783AF88 /* Pods */,
				41DAC355FC7E3990DC22E670 /* Frameworks */,
			);
			sourceTree = "<group>";
		};
		DF0BAC041BB8CEB2008A8952 /* Products */ = {
			isa = PBXGroup;
			children = (
				DF0BAC031BB8CEB2008A8952 /* swiftShrb.app */,
				DF0BAC191BB8CEB2008A8952 /* swiftShrbTests.xctest */,
				DF0BAC241BB8CEB2008A8952 /* swiftShrbUITests.xctest */,
			);
			name = Products;
			sourceTree = "<group>";
		};
		DF0BAC051BB8CEB2008A8952 /* swiftShrb */ = {
			isa = PBXGroup;
			children = (
				DF0BAC0C1BB8CEB2008A8952 /* Main.storyboard */,
				DF0BAC0F1BB8CEB2008A8952 /* Assets.xcassets */,
				DF0BAC061BB8CEB2008A8952 /* AppDelegate.swift */,
				DFF5EEE91BC615B600B3E480 /* Common */,
				DFF5EEF41BC6623400B3E480 /* Lib */,
				DFD777381BBA3286008F4F34 /* main */,
				DFD7773A1BBA32A0008F4F34 /* card */,
				DFD777411BBA3412008F4F34 /* me */,
				DF0BAC111BB8CEB2008A8952 /* LaunchScreen.storyboard */,
				DF0BAC141BB8CEB2008A8952 /* Info.plist */,
				DF0BAC381BB8DAC7008A8952 /* Config.swift */,
			);
			path = swiftShrb;
			sourceTree = "<group>";
		};
		DF0BAC1C1BB8CEB2008A8952 /* swiftShrbTests */ = {
			isa = PBXGroup;
			children = (
				DF0BAC1D1BB8CEB2008A8952 /* swiftShrbTests.swift */,
				DF0BAC1F1BB8CEB2008A8952 /* Info.plist */,
			);
			path = swiftShrbTests;
			sourceTree = "<group>";
		};
		DF0BAC271BB8CEB2008A8952 /* swiftShrbUITests */ = {
			isa = PBXGroup;
			children = (
				DF0BAC281BB8CEB2008A8952 /* swiftShrbUITests.swift */,
				DF0BAC2A1BB8CEB2008A8952 /* Info.plist */,
			);
			path = swiftShrbUITests;
			sourceTree = "<group>";
		};
		DFD777381BBA3286008F4F34 /* main */ = {
			isa = PBXGroup;
			children = (
				DFD7773B1BBA33A0008F4F34 /* control */,
				DFD7773C1BBA33AA008F4F34 /* model */,
				DFD7773D1BBA33BA008F4F34 /* view */,
			);
			name = main;
			sourceTree = "<group>";
		};
		DFD7773A1BBA32A0008F4F34 /* card */ = {
			isa = PBXGroup;
			children = (
				DFD7773E1BBA33EE008F4F34 /* control */,
				DFD777401BBA33FC008F4F34 /* model */,
				DFD777451BBA343D008F4F34 /* view */,
			);
			name = card;
			sourceTree = "<group>";
		};
		DFD7773B1BBA33A0008F4F34 /* control */ = {
			isa = PBXGroup;
			children = (
				DF0BAC081BB8CEB2008A8952 /* HotFocusViewController.swift */,
				DFF5EEEE1BC65A6D00B3E480 /* SupermarketCollectController.swift */,
				DF4FFD171BC8A36B00824999 /* ProductViewController.swift */,
				DF4FFD191BC8A38500824999 /* ProductIsMemberViewController.swift */,
			);
			name = control;
			sourceTree = "<group>";
		};
		DFD7773C1BBA33AA008F4F34 /* model */ = {
			isa = PBXGroup;
			children = (
				DF850ADE1BBA61DC0055DCA7 /* MerchModel.swift */,
			);
			name = model;
			sourceTree = "<group>";
		};
		DFD7773D1BBA33BA008F4F34 /* view */ = {
			isa = PBXGroup;
			children = (
				DFD777481BBA3608008F4F34 /* HotFocusTableViewCell.swift */,
				DFD777491BBA3608008F4F34 /* HotFocusTableViewCell.xib */,
			);
			name = view;
			sourceTree = "<group>";
		};
		DFD7773E1BBA33EE008F4F34 /* control */ = {
			isa = PBXGroup;
			children = (
				DF0BAC0A1BB8CEB2008A8952 /* CardAndCouponsViewController.swift */,
			);
			name = control;
			sourceTree = "<group>";
		};
		DFD777401BBA33FC008F4F34 /* model */ = {
			isa = PBXGroup;
			children = (
			);
			name = model;
			sourceTree = "<group>";
		};
		DFD777411BBA3412008F4F34 /* me */ = {
			isa = PBXGroup;
			children = (
				DFD777441BBA3422008F4F34 /* control */,
				DFD777431BBA3421008F4F34 /* model */,
				DFD777421BBA341E008F4F34 /* view */,
			);
			name = me;
			sourceTree = "<group>";
		};
		DFD777421BBA341E008F4F34 /* view */ = {
			isa = PBXGroup;
			children = (
				DFF5EEE51BC5FF6B00B3E480 /* UserCenterHeadPortraitTableViewCell.swift */,
				DFF5EEE61BC5FF6B00B3E480 /* UserCenterHeadPortraitTableViewCell.xib */,
				DFF5EEF01BC65AF400B3E480 /* SupermarketCollectionViewCell.swift */,
				DFF5EEF11BC65AF400B3E480 /* SupermarketCollectionViewCell.xib */,
			);
			name = view;
			sourceTree = "<group>";
		};
		DFD777431BBA3421008F4F34 /* model */ = {
			isa = PBXGroup;
			children = (
				DFE530BD1BC79050002CCAA0 /* ProductListModel.swift */,
			);
			name = model;
			sourceTree = "<group>";
		};
		DFD777441BBA3422008F4F34 /* control */ = {
			isa = PBXGroup;
			children = (
				DF850AE01BBA8E1C0055DCA7 /* UserCenterViewController.swift */,
			);
			name = control;
			sourceTree = "<group>";
		};
		DFD777451BBA343D008F4F34 /* view */ = {
			isa = PBXGroup;
			children = (
			);
			name = view;
			sourceTree = "<group>";
		};
		DFF5EEE91BC615B600B3E480 /* Common */ = {
			isa = PBXGroup;
			children = (
				DFF5EEEA1BC615D700B3E480 /* RequestDataTool.swift */,
				DFF5EEEC1BC6332A00B3E480 /* TBUser.swift */,
				DFC9608A1BCB44D900A28DC7 /* SVProgressShow.h */,
				DFC9608B1BCB44D900A28DC7 /* SVProgressShow.m */,
				DFC960891BCB44D800A28DC7 /* swiftShrb-Bridging-Header.h */,
			);
			name = Common;
			sourceTree = "<group>";
		};
		DFF5EEF41BC6623400B3E480 /* Lib */ = {
			isa = PBXGroup;
			children = (
				DFF5EEF51BC6624200B3E480 /* CollectionViewWaterfallLayout.swift */,
			);
			name = Lib;
			sourceTree = "<group>";
		};
/* End PBXGroup section */

/* Begin PBXNativeTarget section */
		DF0BAC021BB8CEB2008A8952 /* swiftShrb */ = {
			isa = PBXNativeTarget;
			buildConfigurationList = DF0BAC2D1BB8CEB3008A8952 /* Build configuration list for PBXNativeTarget "swiftShrb" */;
			buildPhases = (
				BBE11B7F9FEE97EC4B50BFD4 /* Check Pods Manifest.lock */,
				DF0BABFF1BB8CEB2008A8952 /* Sources */,
				DF0BAC001BB8CEB2008A8952 /* Frameworks */,
				DF0BAC011BB8CEB2008A8952 /* Resources */,
				155019BFBD89C375398C235C /* Embed Pods Frameworks */,
				75B2080C47028CB08B425253 /* Copy Pods Resources */,
			);
			buildRules = (
			);
			dependencies = (
			);
			name = swiftShrb;
			productName = swiftShrb;
			productReference = DF0BAC031BB8CEB2008A8952 /* swiftShrb.app */;
			productType = "com.apple.product-type.application";
		};
		DF0BAC181BB8CEB2008A8952 /* swiftShrbTests */ = {
			isa = PBXNativeTarget;
			buildConfigurationList = DF0BAC301BB8CEB3008A8952 /* Build configuration list for PBXNativeTarget "swiftShrbTests" */;
			buildPhases = (
				DF0BAC151BB8CEB2008A8952 /* Sources */,
				DF0BAC161BB8CEB2008A8952 /* Frameworks */,
				DF0BAC171BB8CEB2008A8952 /* Resources */,
			);
			buildRules = (
			);
			dependencies = (
				DF0BAC1B1BB8CEB2008A8952 /* PBXTargetDependency */,
			);
			name = swiftShrbTests;
			productName = swiftShrbTests;
			productReference = DF0BAC191BB8CEB2008A8952 /* swiftShrbTests.xctest */;
			productType = "com.apple.product-type.bundle.unit-test";
		};
		DF0BAC231BB8CEB2008A8952 /* swiftShrbUITests */ = {
			isa = PBXNativeTarget;
			buildConfigurationList = DF0BAC331BB8CEB3008A8952 /* Build configuration list for PBXNativeTarget "swiftShrbUITests" */;
			buildPhases = (
				DF0BAC201BB8CEB2008A8952 /* Sources */,
				DF0BAC211BB8CEB2008A8952 /* Frameworks */,
				DF0BAC221BB8CEB2008A8952 /* Resources */,
			);
			buildRules = (
			);
			dependencies = (
				DF0BAC261BB8CEB2008A8952 /* PBXTargetDependency */,
			);
			name = swiftShrbUITests;
			productName = swiftShrbUITests;
			productReference = DF0BAC241BB8CEB2008A8952 /* swiftShrbUITests.xctest */;
			productType = "com.apple.product-type.bundle.ui-testing";
		};
/* End PBXNativeTarget section */

/* Begin PBXProject section */
		DF0BABFB1BB8CEB2008A8952 /* Project object */ = {
			isa = PBXProject;
			attributes = {
				LastSwiftUpdateCheck = 0700;
				LastUpgradeCheck = 0700;
				ORGANIZATIONNAME = PayBay;
				TargetAttributes = {
					DF0BAC021BB8CEB2008A8952 = {
						CreatedOnToolsVersion = 7.0;
					};
					DF0BAC181BB8CEB2008A8952 = {
						CreatedOnToolsVersion = 7.0;
						TestTargetID = DF0BAC021BB8CEB2008A8952;
					};
					DF0BAC231BB8CEB2008A8952 = {
						CreatedOnToolsVersion = 7.0;
						TestTargetID = DF0BAC021BB8CEB2008A8952;
					};
				};
			};
			buildConfigurationList = DF0BABFE1BB8CEB2008A8952 /* Build configuration list for PBXProject "swiftShrb" */;
			compatibilityVersion = "Xcode 3.2";
			developmentRegion = English;
			hasScannedForEncodings = 0;
			knownRegions = (
				en,
				Base,
			);
			mainGroup = DF0BABFA1BB8CEB2008A8952;
			productRefGroup = DF0BAC041BB8CEB2008A8952 /* Products */;
			projectDirPath = "";
			projectRoot = "";
			targets = (
				DF0BAC021BB8CEB2008A8952 /* swiftShrb */,
				DF0BAC181BB8CEB2008A8952 /* swiftShrbTests */,
				DF0BAC231BB8CEB2008A8952 /* swiftShrbUITests */,
			);
		};
/* End PBXProject section */

/* Begin PBXResourcesBuildPhase section */
		DF0BAC011BB8CEB2008A8952 /* Resources */ = {
			isa = PBXResourcesBuildPhase;
			buildActionMask = 2147483647;
			files = (
				DFF5EEF31BC65AF400B3E480 /* SupermarketCollectionViewCell.xib in Resources */,
				DFF5EEE81BC5FF6B00B3E480 /* UserCenterHeadPortraitTableViewCell.xib in Resources */,
				DFD7774B1BBA3608008F4F34 /* HotFocusTableViewCell.xib in Resources */,
				DF0BAC131BB8CEB2008A8952 /* LaunchScreen.storyboard in Resources */,
				DF0BAC101BB8CEB2008A8952 /* Assets.xcassets in Resources */,
				DF0BAC0E1BB8CEB2008A8952 /* Main.storyboard in Resources */,
			);
			runOnlyForDeploymentPostprocessing = 0;
		};
		DF0BAC171BB8CEB2008A8952 /* Resources */ = {
			isa = PBXResourcesBuildPhase;
			buildActionMask = 2147483647;
			files = (
			);
			runOnlyForDeploymentPostprocessing = 0;
		};
		DF0BAC221BB8CEB2008A8952 /* Resources */ = {
			isa = PBXResourcesBuildPhase;
			buildActionMask = 2147483647;
			files = (
			);
			runOnlyForDeploymentPostprocessing = 0;
		};
/* End PBXResourcesBuildPhase section */

/* Begin PBXShellScriptBuildPhase section */
		155019BFBD89C375398C235C /* Embed Pods Frameworks */ = {
			isa = PBXShellScriptBuildPhase;
			buildActionMask = 2147483647;
			files = (
			);
			inputPaths = (
			);
			name = "Embed Pods Frameworks";
			outputPaths = (
			);
			runOnlyForDeploymentPostprocessing = 0;
			shellPath = /bin/sh;
			shellScript = "\"${SRCROOT}/Pods/Target Support Files/Pods/Pods-frameworks.sh\"\n";
			showEnvVarsInLog = 0;
		};
		75B2080C47028CB08B425253 /* Copy Pods Resources */ = {
			isa = PBXShellScriptBuildPhase;
			buildActionMask = 2147483647;
			files = (
			);
			inputPaths = (
			);
			name = "Copy Pods Resources";
			outputPaths = (
			);
			runOnlyForDeploymentPostprocessing = 0;
			shellPath = /bin/sh;
			shellScript = "\"${SRCROOT}/Pods/Target Support Files/Pods/Pods-resources.sh\"\n";
			showEnvVarsInLog = 0;
		};
		BBE11B7F9FEE97EC4B50BFD4 /* Check Pods Manifest.lock */ = {
			isa = PBXShellScriptBuildPhase;
			buildActionMask = 2147483647;
			files = (
			);
			inputPaths = (
			);
			name = "Check Pods Manifest.lock";
			outputPaths = (
			);
			runOnlyForDeploymentPostprocessing = 0;
			shellPath = /bin/sh;
			shellScript = "diff \"${PODS_ROOT}/../Podfile.lock\" \"${PODS_ROOT}/Manifest.lock\" > /dev/null\nif [[ $? != 0 ]] ; then\n    cat << EOM\nerror: The sandbox is not in sync with the Podfile.lock. Run 'pod install' or update your CocoaPods installation.\nEOM\n    exit 1\nfi\n";
			showEnvVarsInLog = 0;
		};
/* End PBXShellScriptBuildPhase section */

/* Begin PBXSourcesBuildPhase section */
		DF0BABFF1BB8CEB2008A8952 /* Sources */ = {
			isa = PBXSourcesBuildPhase;
			buildActionMask = 2147483647;
			files = (
				DFF5EEEB1BC615D700B3E480 /* RequestDataTool.swift in Sources */,
				DFE530BE1BC79050002CCAA0 /* ProductListModel.swift in Sources */,
				DFC9608C1BCB44D900A28DC7 /* SVProgressShow.m in Sources */,
				DF4FFD1A1BC8A38500824999 /* ProductIsMemberViewController.swift in Sources */,
				DF0BAC0B1BB8CEB2008A8952 /* CardAndCouponsViewController.swift in Sources */,
				DF4FFD181BC8A36B00824999 /* ProductViewController.swift in Sources */,
				DFF5EEED1BC6332A00B3E480 /* TBUser.swift in Sources */,
				DFF5EEEF1BC65A6D00B3E480 /* SupermarketCollectController.swift in Sources */,
				DFF5EEF21BC65AF400B3E480 /* SupermarketCollectionViewCell.swift in Sources */,
				DFF5EEF61BC6624200B3E480 /* CollectionViewWaterfallLayout.swift in Sources */,
				DF850ADF1BBA61DC0055DCA7 /* MerchModel.swift in Sources */,
				DF0BAC391BB8DAC7008A8952 /* Config.swift in Sources */,
				DF850AE11BBA8E1D0055DCA7 /* UserCenterViewController.swift in Sources */,
				DFD7774A1BBA3608008F4F34 /* HotFocusTableViewCell.swift in Sources */,
				DF0BAC071BB8CEB2008A8952 /* AppDelegate.swift in Sources */,
				DFF5EEE71BC5FF6B00B3E480 /* UserCenterHeadPortraitTableViewCell.swift in Sources */,
				DF0BAC091BB8CEB2008A8952 /* HotFocusViewController.swift in Sources */,
			);
			runOnlyForDeploymentPostprocessing = 0;
		};
		DF0BAC151BB8CEB2008A8952 /* Sources */ = {
			isa = PBXSourcesBuildPhase;
			buildActionMask = 2147483647;
			files = (
				DF0BAC1E1BB8CEB2008A8952 /* swiftShrbTests.swift in Sources */,
			);
			runOnlyForDeploymentPostprocessing = 0;
		};
		DF0BAC201BB8CEB2008A8952 /* Sources */ = {
			isa = PBXSourcesBuildPhase;
			buildActionMask = 2147483647;
			files = (
				DF0BAC291BB8CEB2008A8952 /* swiftShrbUITests.swift in Sources */,
			);
			runOnlyForDeploymentPostprocessing = 0;
		};
/* End PBXSourcesBuildPhase section */

/* Begin PBXTargetDependency section */
		DF0BAC1B1BB8CEB2008A8952 /* PBXTargetDependency */ = {
			isa = PBXTargetDependency;
			target = DF0BAC021BB8CEB2008A8952 /* swiftShrb */;
			targetProxy = DF0BAC1A1BB8CEB2008A8952 /* PBXContainerItemProxy */;
		};
		DF0BAC261BB8CEB2008A8952 /* PBXTargetDependency */ = {
			isa = PBXTargetDependency;
			target = DF0BAC021BB8CEB2008A8952 /* swiftShrb */;
			targetProxy = DF0BAC251BB8CEB2008A8952 /* PBXContainerItemProxy */;
		};
/* End PBXTargetDependency section */

/* Begin PBXVariantGroup section */
		DF0BAC0C1BB8CEB2008A8952 /* Main.storyboard */ = {
			isa = PBXVariantGroup;
			children = (
				DF0BAC0D1BB8CEB2008A8952 /* Base */,
			);
			name = Main.storyboard;
			sourceTree = "<group>";
		};
		DF0BAC111BB8CEB2008A8952 /* LaunchScreen.storyboard */ = {
			isa = PBXVariantGroup;
			children = (
				DF0BAC121BB8CEB2008A8952 /* Base */,
			);
			name = LaunchScreen.storyboard;
			sourceTree = "<group>";
		};
/* End PBXVariantGroup section */

/* Begin XCBuildConfiguration section */
		DF0BAC2B1BB8CEB3008A8952 /* Debug */ = {
			isa = XCBuildConfiguration;
			buildSettings = {
				ALWAYS_SEARCH_USER_PATHS = NO;
				CLANG_CXX_LANGUAGE_STANDARD = "gnu++0x";
				CLANG_CXX_LIBRARY = "libc++";
				CLANG_ENABLE_MODULES = YES;
				CLANG_ENABLE_OBJC_ARC = YES;
				CLANG_WARN_BOOL_CONVERSION = YES;
				CLANG_WARN_CONSTANT_CONVERSION = YES;
				CLANG_WARN_DIRECT_OBJC_ISA_USAGE = YES_ERROR;
				CLANG_WARN_EMPTY_BODY = YES;
				CLANG_WARN_ENUM_CONVERSION = YES;
				CLANG_WARN_INT_CONVERSION = YES;
				CLANG_WARN_OBJC_ROOT_CLASS = YES_ERROR;
				CLANG_WARN_UNREACHABLE_CODE = YES;
				CLANG_WARN__DUPLICATE_METHOD_MATCH = YES;
				"CODE_SIGN_IDENTITY[sdk=iphoneos*]" = "iPhone Developer";
				COPY_PHASE_STRIP = NO;
				DEBUG_INFORMATION_FORMAT = dwarf;
				ENABLE_STRICT_OBJC_MSGSEND = YES;
				ENABLE_TESTABILITY = YES;
				GCC_C_LANGUAGE_STANDARD = gnu99;
				GCC_DYNAMIC_NO_PIC = NO;
				GCC_NO_COMMON_BLOCKS = YES;
				GCC_OPTIMIZATION_LEVEL = 0;
				GCC_PREPROCESSOR_DEFINITIONS = (
					"DEBUG=1",
					"$(inherited)",
				);
				GCC_WARN_64_TO_32_BIT_CONVERSION = YES;
				GCC_WARN_ABOUT_RETURN_TYPE = YES_ERROR;
				GCC_WARN_UNDECLARED_SELECTOR = YES;
				GCC_WARN_UNINITIALIZED_AUTOS = YES_AGGRESSIVE;
				GCC_WARN_UNUSED_FUNCTION = YES;
				GCC_WARN_UNUSED_VARIABLE = YES;
				IPHONEOS_DEPLOYMENT_TARGET = 9.0;
				MTL_ENABLE_DEBUG_INFO = YES;
				ONLY_ACTIVE_ARCH = YES;
				SDKROOT = iphoneos;
				SWIFT_OPTIMIZATION_LEVEL = "-Onone";
				TARGETED_DEVICE_FAMILY = "1,2";
			};
			name = Debug;
		};
		DF0BAC2C1BB8CEB3008A8952 /* Release */ = {
			isa = XCBuildConfiguration;
			buildSettings = {
				ALWAYS_SEARCH_USER_PATHS = NO;
				CLANG_CXX_LANGUAGE_STANDARD = "gnu++0x";
				CLANG_CXX_LIBRARY = "libc++";
				CLANG_ENABLE_MODULES = YES;
				CLANG_ENABLE_OBJC_ARC = YES;
				CLANG_WARN_BOOL_CONVERSION = YES;
				CLANG_WARN_CONSTANT_CONVERSION = YES;
				CLANG_WARN_DIRECT_OBJC_ISA_USAGE = YES_ERROR;
				CLANG_WARN_EMPTY_BODY = YES;
				CLANG_WARN_ENUM_CONVERSION = YES;
				CLANG_WARN_INT_CONVERSION = YES;
				CLANG_WARN_OBJC_ROOT_CLASS = YES_ERROR;
				CLANG_WARN_UNREACHABLE_CODE = YES;
				CLANG_WARN__DUPLICATE_METHOD_MATCH = YES;
				"CODE_SIGN_IDENTITY[sdk=iphoneos*]" = "iPhone Developer";
				COPY_PHASE_STRIP = NO;
				DEBUG_INFORMATION_FORMAT = "dwarf-with-dsym";
				ENABLE_NS_ASSERTIONS = NO;
				ENABLE_STRICT_OBJC_MSGSEND = YES;
				GCC_C_LANGUAGE_STANDARD = gnu99;
				GCC_NO_COMMON_BLOCKS = YES;
				GCC_WARN_64_TO_32_BIT_CONVERSION = YES;
				GCC_WARN_ABOUT_RETURN_TYPE = YES_ERROR;
				GCC_WARN_UNDECLARED_SELECTOR = YES;
				GCC_WARN_UNINITIALIZED_AUTOS = YES_AGGRESSIVE;
				GCC_WARN_UNUSED_FUNCTION = YES;
				GCC_WARN_UNUSED_VARIABLE = YES;
				IPHONEOS_DEPLOYMENT_TARGET = 9.0;
				MTL_ENABLE_DEBUG_INFO = NO;
				SDKROOT = iphoneos;
				TARGETED_DEVICE_FAMILY = "1,2";
				VALIDATE_PRODUCT = YES;
			};
			name = Release;
		};
		DF0BAC2E1BB8CEB3008A8952 /* Debug */ = {
			isa = XCBuildConfiguration;
			baseConfigurationReference = 22D9781B29B7D178FE330792 /* Pods.debug.xcconfig */;
			buildSettings = {
				ASSETCATALOG_COMPILER_APPICON_NAME = AppIcon;
				CLANG_ENABLE_MODULES = YES;
				DEFINES_MODULE = YES;
				INFOPLIST_FILE = swiftShrb/Info.plist;
				LD_RUNPATH_SEARCH_PATHS = "$(inherited) @executable_path/Frameworks";
				PRODUCT_BUNDLE_IDENTIFIER = com.paybay.;
				PRODUCT_NAME = "$(TARGET_NAME)";
				SWIFT_OBJC_BRIDGING_HEADER = "swiftShrb/swiftShrb-Bridging-Header.h";
				SWIFT_OPTIMIZATION_LEVEL = "-Onone";
			};
			name = Debug;
		};
		DF0BAC2F1BB8CEB3008A8952 /* Release */ = {
			isa = XCBuildConfiguration;
			baseConfigurationReference = D2E2C85F28977BDC1E079A1B /* Pods.release.xcconfig */;
			buildSettings = {
				ASSETCATALOG_COMPILER_APPICON_NAME = AppIcon;
				CLANG_ENABLE_MODULES = YES;
				DEFINES_MODULE = YES;
				INFOPLIST_FILE = swiftShrb/Info.plist;
				LD_RUNPATH_SEARCH_PATHS = "$(inherited) @executable_path/Frameworks";
				PRODUCT_BUNDLE_IDENTIFIER = com.paybay.;
				PRODUCT_NAME = "$(TARGET_NAME)";
				SWIFT_OBJC_BRIDGING_HEADER = "swiftShrb/swiftShrb-Bridging-Header.h";
			};
			name = Release;
		};
		DF0BAC311BB8CEB3008A8952 /* Debug */ = {
			isa = XCBuildConfiguration;
			buildSettings = {
				BUNDLE_LOADER = "$(TEST_HOST)";
				INFOPLIST_FILE = swiftShrbTests/Info.plist;
				LD_RUNPATH_SEARCH_PATHS = "$(inherited) @executable_path/Frameworks @loader_path/Frameworks";
				PRODUCT_BUNDLE_IDENTIFIER = com.paybay..swiftShrbTests;
				PRODUCT_NAME = "$(TARGET_NAME)";
				TEST_HOST = "$(BUILT_PRODUCTS_DIR)/swiftShrb.app/swiftShrb";
			};
			name = Debug;
		};
		DF0BAC321BB8CEB3008A8952 /* Release */ = {
			isa = XCBuildConfiguration;
			buildSettings = {
				BUNDLE_LOADER = "$(TEST_HOST)";
				INFOPLIST_FILE = swiftShrbTests/Info.plist;
				LD_RUNPATH_SEARCH_PATHS = "$(inherited) @executable_path/Frameworks @loader_path/Frameworks";
				PRODUCT_BUNDLE_IDENTIFIER = com.paybay..swiftShrbTests;
				PRODUCT_NAME = "$(TARGET_NAME)";
				TEST_HOST = "$(BUILT_PRODUCTS_DIR)/swiftShrb.app/swiftShrb";
			};
			name = Release;
		};
		DF0BAC341BB8CEB3008A8952 /* Debug */ = {
			isa = XCBuildConfiguration;
			buildSettings = {
				INFOPLIST_FILE = swiftShrbUITests/Info.plist;
				LD_RUNPATH_SEARCH_PATHS = "$(inherited) @executable_path/Frameworks @loader_path/Frameworks";
				PRODUCT_BUNDLE_IDENTIFIER = com.paybay..swiftShrbUITests;
				PRODUCT_NAME = "$(TARGET_NAME)";
				TEST_TARGET_NAME = swiftShrb;
				USES_XCTRUNNER = YES;
			};
			name = Debug;
		};
		DF0BAC351BB8CEB3008A8952 /* Release */ = {
			isa = XCBuildConfiguration;
			buildSettings = {
				INFOPLIST_FILE = swiftShrbUITests/Info.plist;
				LD_RUNPATH_SEARCH_PATHS = "$(inherited) @executable_path/Frameworks @loader_path/Frameworks";
				PRODUCT_BUNDLE_IDENTIFIER = com.paybay..swiftShrbUITests;
				PRODUCT_NAME = "$(TARGET_NAME)";
				TEST_TARGET_NAME = swiftShrb;
				USES_XCTRUNNER = YES;
			};
			name = Release;
		};
/* End XCBuildConfiguration section */

/* Begin XCConfigurationList section */
		DF0BABFE1BB8CEB2008A8952 /* Build configuration list for PBXProject "swiftShrb" */ = {
			isa = XCConfigurationList;
			buildConfigurations = (
				DF0BAC2B1BB8CEB3008A8952 /* Debug */,
				DF0BAC2C1BB8CEB3008A8952 /* Release */,
			);
			defaultConfigurationIsVisible = 0;
			defaultConfigurationName = Release;
		};
		DF0BAC2D1BB8CEB3008A8952 /* Build configuration list for PBXNativeTarget "swiftShrb" */ = {
			isa = XCConfigurationList;
			buildConfigurations = (
				DF0BAC2E1BB8CEB3008A8952 /* Debug */,
				DF0BAC2F1BB8CEB3008A8952 /* Release */,
			);
			defaultConfigurationIsVisible = 0;
			defaultConfigurationName = Release;
		};
		DF0BAC301BB8CEB3008A8952 /* Build configuration list for PBXNativeTarget "swiftShrbTests" */ = {
			isa = XCConfigurationList;
			buildConfigurations = (
				DF0BAC311BB8CEB3008A8952 /* Debug */,
				DF0BAC321BB8CEB3008A8952 /* Release */,
			);
			defaultConfigurationIsVisible = 0;
			defaultConfigurationName = Release;
		};
		DF0BAC331BB8CEB3008A8952 /* Build configuration list for PBXNativeTarget "swiftShrbUITests" */ = {
			isa = XCConfigurationList;
			buildConfigurations = (
				DF0BAC341BB8CEB3008A8952 /* Debug */,
				DF0BAC351BB8CEB3008A8952 /* Release */,
			);
			defaultConfigurationIsVisible = 0;
			defaultConfigurationName = Release;
		};
/* End XCConfigurationList section */
	};
	rootObject = DF0BABFB1BB8CEB2008A8952 /* Project object */;
}
